
Microsoft Visual Studio Solution File, Format Version 12.00
# Visual Studio Version 17
VisualStudioVersion = 17.4.33205.214
MinimumVisualStudioVersion = 10.0.40219.1
Project("{FAE04EC0-301F-11D3-BF4B-00C04F79EFBC}") = "MVC_IPSSET", "MVC_IPSSET\MVC_IPSSET.csproj", "{BBC38DE6-3115-46C2-A733-72D8B96E60B7}"
EndProject
Global
	GlobalSection(SolutionConfigurationPlatforms) = preSolution
		Debug|Any CPU = Debug|Any CPU
		Release|Any CPU = Release|Any CPU
	EndGlobalSection
	GlobalSection(ProjectConfigurationPlatforms) = postSolution
		{BBC38DE6-3115-46C2-A733-72D8B96E60B7}.Debug|Any CPU.ActiveCfg = Debug|Any CPU
		{BBC38DE6-3115-46C2-A733-72D8B96E60B7}.Debug|Any CPU.Build.0 = Debug|Any CPU
		{BBC38DE6-3115-46C2-A733-72D8B96E60B7}.Release|Any CPU.ActiveCfg = Release|Any CPU
		{BBC38DE6-3115-46C2-A733-72D8B96E60B7}.Release|Any CPU.Build.0 = Release|Any CPU
	EndGlobalSection
	GlobalSection(SolutionProperties) = preSolution
		HideSolutionNode = FALSE
	EndGlobalSection
	GlobalSection(ExtensibilityGlobals) = postSolution
		SolutionGuid = {B7773314-1892-4757-B39F-A452079FC75B}
	EndGlobalSection
EndGlobal
